
Microsoft Visual Studio Solution File, Format Version 12.00
# Visual Studio Version 16
VisualStudioVersion = 16.0.31321.278
MinimumVisualStudioVersion = 10.0.40219.1
Project("{FAE04EC0-301F-11D3-BF4B-00C04F79EFBC}") = "PrimerModuloExamenFinal", "PrimerModuloExamenFinal.csproj", "{490BC64D-68EB-40AF-B391-B2E875289DDC}"
EndProject
Global
	GlobalSection(SolutionConfigurationPlatforms) = preSolution
		Debug|Any CPU = Debug|Any CPU
		Release|Any CPU = Release|Any CPU
	EndGlobalSection
	GlobalSection(ProjectConfigurationPlatforms) = postSolution
		{490BC64D-68EB-40AF-B391-B2E875289DDC}.Debug|Any CPU.ActiveCfg = Debug|Any CPU
		{490BC64D-68EB-40AF-B391-B2E875289DDC}.Debug|Any CPU.Build.0 = Debug|Any CPU
		{490BC64D-68EB-40AF-B391-B2E875289DDC}.Release|Any CPU.ActiveCfg = Release|Any CPU
		{490BC64D-68EB-40AF-B391-B2E875289DDC}.Release|Any CPU.Build.0 = Release|Any CPU
	EndGlobalSection
	GlobalSection(SolutionProperties) = preSolution
		HideSolutionNode = FALSE
	EndGlobalSection
	GlobalSection(ExtensibilityGlobals) = postSolution
		SolutionGuid = {A2A11765-397A-49BC-9C7B-BA1090C5A5EC}
	EndGlobalSection
EndGlobal
